
Microsoft Visual Studio Solution File, Format Version 12.00
# Visual Studio Version 17
VisualStudioVersion = 17.0.31903.59
MinimumVisualStudioVersion = 10.0.40219.1
Project("{9A19103F-16F7-4668-BE54-9A1E7A4F7556}") = "GrpcGreeter", "GrpcGreeter\GrpcGreeter.csproj", "{C9B5268F-2E3A-484B-A74E-692CFBD5E8A5}"
EndProject
Project("{9A19103F-16F7-4668-BE54-9A1E7A4F7556}") = "GrpcGreeterClient", "..\GrpcGreeterClient\GrpcGreeterClient\GrpcGreeterClient.csproj", "{05240696-6635-455A-8173-0465CBC4DEC8}"
EndProject
Project("{FAE04EC0-301F-11D3-BF4B-00C04F79EFBC}") = "Account", "Accunt\Account.csproj", "{A31DEE1D-8576-486D-B7BE-0CBD20032E08}"
EndProject
Global
	GlobalSection(SolutionConfigurationPlatforms) = preSolution
		Debug|Any CPU = Debug|Any CPU
		Release|Any CPU = Release|Any CPU
	EndGlobalSection
	GlobalSection(ProjectConfigurationPlatforms) = postSolution
		{C9B5268F-2E3A-484B-A74E-692CFBD5E8A5}.Debug|Any CPU.ActiveCfg = Debug|Any CPU
		{C9B5268F-2E3A-484B-A74E-692CFBD5E8A5}.Debug|Any CPU.Build.0 = Debug|Any CPU
		{C9B5268F-2E3A-484B-A74E-692CFBD5E8A5}.Release|Any CPU.ActiveCfg = Release|Any CPU
		{C9B5268F-2E3A-484B-A74E-692CFBD5E8A5}.Release|Any CPU.Build.0 = Release|Any CPU
		{05240696-6635-455A-8173-0465CBC4DEC8}.Debug|Any CPU.ActiveCfg = Debug|Any CPU
		{05240696-6635-455A-8173-0465CBC4DEC8}.Debug|Any CPU.Build.0 = Debug|Any CPU
		{05240696-6635-455A-8173-0465CBC4DEC8}.Release|Any CPU.ActiveCfg = Release|Any CPU
		{05240696-6635-455A-8173-0465CBC4DEC8}.Release|Any CPU.Build.0 = Release|Any CPU
		{A31DEE1D-8576-486D-B7BE-0CBD20032E08}.Debug|Any CPU.ActiveCfg = Debug|Any CPU
		{A31DEE1D-8576-486D-B7BE-0CBD20032E08}.Debug|Any CPU.Build.0 = Debug|Any CPU
		{A31DEE1D-8576-486D-B7BE-0CBD20032E08}.Release|Any CPU.ActiveCfg = Release|Any CPU
		{A31DEE1D-8576-486D-B7BE-0CBD20032E08}.Release|Any CPU.Build.0 = Release|Any CPU
	EndGlobalSection
	GlobalSection(SolutionProperties) = preSolution
		HideSolutionNode = FALSE
	EndGlobalSection
	GlobalSection(ExtensibilityGlobals) = postSolution
		SolutionGuid = {F8086C74-9AFA-44A6-927A-DEF91CEF4588}
	EndGlobalSection
EndGlobal
