
Microsoft Visual Studio Solution File, Format Version 12.00
# Visual Studio Version 17
VisualStudioVersion = 17.0.31903.59
MinimumVisualStudioVersion = 10.0.40219.1
Project("{FAE04EC0-301F-11D3-BF4B-00C04F79EFBC}") = "GrpcGreeterClient", "GrpcGreeterClient\GrpcGreeterClient.csproj", "{9A3973C3-D6A5-4DF1-97A8-DD6CF1CF559E}"
EndProject
Global
	GlobalSection(SolutionConfigurationPlatforms) = preSolution
		Debug|Any CPU = Debug|Any CPU
		Release|Any CPU = Release|Any CPU
	EndGlobalSection
	GlobalSection(ProjectConfigurationPlatforms) = postSolution
		{9A3973C3-D6A5-4DF1-97A8-DD6CF1CF559E}.Debug|Any CPU.ActiveCfg = Debug|Any CPU
		{9A3973C3-D6A5-4DF1-97A8-DD6CF1CF559E}.Debug|Any CPU.Build.0 = Debug|Any CPU
		{9A3973C3-D6A5-4DF1-97A8-DD6CF1CF559E}.Release|Any CPU.ActiveCfg = Release|Any CPU
		{9A3973C3-D6A5-4DF1-97A8-DD6CF1CF559E}.Release|Any CPU.Build.0 = Release|Any CPU
	EndGlobalSection
	GlobalSection(SolutionProperties) = preSolution
		HideSolutionNode = FALSE
	EndGlobalSection
	GlobalSection(ExtensibilityGlobals) = postSolution
		SolutionGuid = {601041AA-3D56-4FFC-83CB-68D94270AEB7}
	EndGlobalSection
EndGlobal
